// !$*UTF8*$!
{
	archiveVersion = 1;
	classes = {
	};
	objectVersion = 55;
	objects = {

/* Begin PBXBuildFile section */
		04122689291BDD17007993A5 /* ProjectEntryVC.swift in Sources */ = {isa = PBXBuildFile; fileRef = 04122688291BDD17007993A5 /* ProjectEntryVC.swift */; };
		0412268B291BDD58007993A5 /* ProjectsListVC.swift in Sources */ = {isa = PBXBuildFile; fileRef = 0412268A291BDD58007993A5 /* ProjectsListVC.swift */; };
		0412268E291BDD85007993A5 /* ProjectTableViewCell.swift in Sources */ = {isa = PBXBuildFile; fileRef = 0412268D291BDD85007993A5 /* ProjectTableViewCell.swift */; };
		04122690291BDDA2007993A5 /* ProjectListViewModel.swift in Sources */ = {isa = PBXBuildFile; fileRef = 0412268F291BDDA2007993A5 /* ProjectListViewModel.swift */; };
		04122692291BDDB1007993A5 /* ProjectCellModel.swift in Sources */ = {isa = PBXBuildFile; fileRef = 04122691291BDDB1007993A5 /* ProjectCellModel.swift */; };
		04122695291BDE4D007993A5 /* NetworkManager.swift in Sources */ = {isa = PBXBuildFile; fileRef = 04122694291BDE4D007993A5 /* NetworkManager.swift */; };
		04122697291BDE69007993A5 /* ProjectListUploader.swift in Sources */ = {isa = PBXBuildFile; fileRef = 04122696291BDE69007993A5 /* ProjectListUploader.swift */; };
		04122699291BDF16007993A5 /* UITableView.swift in Sources */ = {isa = PBXBuildFile; fileRef = 04122698291BDF16007993A5 /* UITableView.swift */; };
		0412269C291BDF84007993A5 /* SettingsVC.swift in Sources */ = {isa = PBXBuildFile; fileRef = 0412269B291BDF84007993A5 /* SettingsVC.swift */; };
		04AF2DEF291B74D100083115 /* AppDelegate.swift in Sources */ = {isa = PBXBuildFile; fileRef = 04AF2DEE291B74D100083115 /* AppDelegate.swift */; };
		04AF2DF1291B74D100083115 /* SceneDelegate.swift in Sources */ = {isa = PBXBuildFile; fileRef = 04AF2DF0291B74D100083115 /* SceneDelegate.swift */; };
		04AF2DF3291B74D100083115 /* SplashScreen.swift in Sources */ = {isa = PBXBuildFile; fileRef = 04AF2DF2291B74D100083115 /* SplashScreen.swift */; };
		04AF2DF8291B74D200083115 /* Assets.xcassets in Resources */ = {isa = PBXBuildFile; fileRef = 04AF2DF7291B74D200083115 /* Assets.xcassets */; };
		04AF2DFB291B74D200083115 /* LaunchScreen.storyboard in Resources */ = {isa = PBXBuildFile; fileRef = 04AF2DF9291B74D200083115 /* LaunchScreen.storyboard */; };
		04AF2E04291B7A6300083115 /* MenuViewController.swift in Sources */ = {isa = PBXBuildFile; fileRef = 04AF2E03291B7A6300083115 /* MenuViewController.swift */; };
		04AF2E07291B7ADF00083115 /* UIStackView.swift in Sources */ = {isa = PBXBuildFile; fileRef = 04AF2E06291B7ADF00083115 /* UIStackView.swift */; };
/* End PBXBuildFile section */

/* Begin PBXFileReference section */
		04122688291BDD17007993A5 /* ProjectEntryVC.swift */ = {isa = PBXFileReference; lastKnownFileType = sourcecode.swift; path = ProjectEntryVC.swift; sourceTree = "<group>"; };
		0412268A291BDD58007993A5 /* ProjectsListVC.swift */ = {isa = PBXFileReference; lastKnownFileType = sourcecode.swift; path = ProjectsListVC.swift; sourceTree = "<group>"; };
		0412268D291BDD85007993A5 /* ProjectTableViewCell.swift */ = {isa = PBXFileReference; lastKnownFileType = sourcecode.swift; path = ProjectTableViewCell.swift; sourceTree = "<group>"; };
		0412268F291BDDA2007993A5 /* ProjectListViewModel.swift */ = {isa = PBXFileReference; lastKnownFileType = sourcecode.swift; path = ProjectListViewModel.swift; sourceTree = "<group>"; };
		04122691291BDDB1007993A5 /* ProjectCellModel.swift */ = {isa = PBXFileReference; lastKnownFileType = sourcecode.swift; path = ProjectCellModel.swift; sourceTree = "<group>"; };
		04122694291BDE4D007993A5 /* NetworkManager.swift */ = {isa = PBXFileReference; lastKnownFileType = sourcecode.swift; path = NetworkManager.swift; sourceTree = "<group>"; };
		04122696291BDE69007993A5 /* ProjectListUploader.swift */ = {isa = PBXFileReference; lastKnownFileType = sourcecode.swift; path = ProjectListUploader.swift; sourceTree = "<group>"; };
		04122698291BDF16007993A5 /* UITableView.swift */ = {isa = PBXFileReference; lastKnownFileType = sourcecode.swift; path = UITableView.swift; sourceTree = "<group>"; };
		0412269B291BDF84007993A5 /* SettingsVC.swift */ = {isa = PBXFileReference; lastKnownFileType = sourcecode.swift; path = SettingsVC.swift; sourceTree = "<group>"; };
		04AF2DEB291B74D100083115 /* taskManager.app */ = {isa = PBXFileReference; explicitFileType = wrapper.application; includeInIndex = 0; path = taskManager.app; sourceTree = BUILT_PRODUCTS_DIR; };
		04AF2DEE291B74D100083115 /* AppDelegate.swift */ = {isa = PBXFileReference; lastKnownFileType = sourcecode.swift; path = AppDelegate.swift; sourceTree = "<group>"; };
		04AF2DF0291B74D100083115 /* SceneDelegate.swift */ = {isa = PBXFileReference; lastKnownFileType = sourcecode.swift; path = SceneDelegate.swift; sourceTree = "<group>"; };
		04AF2DF2291B74D100083115 /* SplashScreen.swift */ = {isa = PBXFileReference; lastKnownFileType = sourcecode.swift; path = SplashScreen.swift; sourceTree = "<group>"; };
		04AF2DF7291B74D200083115 /* Assets.xcassets */ = {isa = PBXFileReference; lastKnownFileType = folder.assetcatalog; path = Assets.xcassets; sourceTree = "<group>"; };
		04AF2DFA291B74D200083115 /* Base */ = {isa = PBXFileReference; lastKnownFileType = file.storyboard; name = Base; path = Base.lproj/LaunchScreen.storyboard; sourceTree = "<group>"; };
		04AF2DFC291B74D200083115 /* Info.plist */ = {isa = PBXFileReference; lastKnownFileType = text.plist.xml; path = Info.plist; sourceTree = "<group>"; };
		04AF2E03291B7A6300083115 /* MenuViewController.swift */ = {isa = PBXFileReference; lastKnownFileType = sourcecode.swift; path = MenuViewController.swift; sourceTree = "<group>"; };
		04AF2E06291B7ADF00083115 /* UIStackView.swift */ = {isa = PBXFileReference; lastKnownFileType = sourcecode.swift; path = UIStackView.swift; sourceTree = "<group>"; };
/* End PBXFileReference section */

/* Begin PBXFrameworksBuildPhase section */
		04AF2DE8291B74D100083115 /* Frameworks */ = {
			isa = PBXFrameworksBuildPhase;
			buildActionMask = 2147483647;
			files = (
			);
			runOnlyForDeploymentPostprocessing = 0;
		};
/* End PBXFrameworksBuildPhase section */

/* Begin PBXGroup section */
		0412267F291BDC07007993A5 /* Projects */ = {
			isa = PBXGroup;
			children = (
				0412269E291BFEE1007993A5 /* Model */,
				0412268C291BDD67007993A5 /* Cells */,
				04122686291BDCC3007993A5 /* Controllers */,
				04122685291BDCB2007993A5 /* ViewModels */,
			);
			path = Projects;
			sourceTree = "<group>";
		};
		04122680291BDC31007993A5 /* Application */ = {
			isa = PBXGroup;
			children = (
				04AF2DEE291B74D100083115 /* AppDelegate.swift */,
				04AF2DF0291B74D100083115 /* SceneDelegate.swift */,
			);
			path = Application;
			sourceTree = "<group>";
		};
		04122681291BDC4E007993A5 /* Menu */ = {
			isa = PBXGroup;
			children = (
				04122682291BDC5C007993A5 /* Controller */,
			);
			path = Menu;
			sourceTree = "<group>";
		};
		04122682291BDC5C007993A5 /* Controller */ = {
			isa = PBXGroup;
			children = (
				04AF2E03291B7A6300083115 /* MenuViewController.swift */,
			);
			path = Controller;
			sourceTree = "<group>";
		};
		04122684291BDC99007993A5 /* LaunchScreen */ = {
			isa = PBXGroup;
			children = (
				04AF2DF2291B74D100083115 /* SplashScreen.swift */,
				04AF2DF9291B74D200083115 /* LaunchScreen.storyboard */,
			);
			path = LaunchScreen;
			sourceTree = "<group>";
		};
		04122685291BDCB2007993A5 /* ViewModels */ = {
			isa = PBXGroup;
			children = (
				0412268F291BDDA2007993A5 /* ProjectListViewModel.swift */,
			);
			path = ViewModels;
			sourceTree = "<group>";
		};
		04122686291BDCC3007993A5 /* Controllers */ = {
			isa = PBXGroup;
			children = (
				0412268A291BDD58007993A5 /* ProjectsListVC.swift */,
			);
			path = Controllers;
			sourceTree = "<group>";
		};
		04122687291BDCF8007993A5 /* InputForms */ = {
			isa = PBXGroup;
			children = (
				04122688291BDD17007993A5 /* ProjectEntryVC.swift */,
			);
			path = InputForms;
			sourceTree = "<group>";
		};
		0412268C291BDD67007993A5 /* Cells */ = {
			isa = PBXGroup;
			children = (
				0412268D291BDD85007993A5 /* ProjectTableViewCell.swift */,
			);
			path = Cells;
			sourceTree = "<group>";
		};
		04122693291BDE33007993A5 /* Networking */ = {
			isa = PBXGroup;
			children = (
				04122694291BDE4D007993A5 /* NetworkManager.swift */,
				04122696291BDE69007993A5 /* ProjectListUploader.swift */,
			);
			path = Networking;
			sourceTree = "<group>";
		};
		0412269A291BDF72007993A5 /* Settings */ = {
			isa = PBXGroup;
			children = (
				0412269D291BDF90007993A5 /* Controller */,
			);
			path = Settings;
			sourceTree = "<group>";
		};
		0412269D291BDF90007993A5 /* Controller */ = {
			isa = PBXGroup;
			children = (
				0412269B291BDF84007993A5 /* SettingsVC.swift */,
			);
			path = Controller;
			sourceTree = "<group>";
		};
		0412269E291BFEE1007993A5 /* Model */ = {
			isa = PBXGroup;
			children = (
				04122691291BDDB1007993A5 /* ProjectCellModel.swift */,
			);
			path = Model;
			sourceTree = "<group>";
		};
		04AF2DE2291B74D100083115 = {
			isa = PBXGroup;
			children = (
				04AF2DED291B74D100083115 /* taskManager */,
				04AF2DEC291B74D100083115 /* Products */,
			);
			sourceTree = "<group>";
		};
		04AF2DEC291B74D100083115 /* Products */ = {
			isa = PBXGroup;
			children = (
				04AF2DEB291B74D100083115 /* taskManager.app */,
			);
			name = Products;
			sourceTree = "<group>";
		};
		04AF2DED291B74D100083115 /* taskManager */ = {
			isa = PBXGroup;
			children = (
				0412269A291BDF72007993A5 /* Settings */,
				04122693291BDE33007993A5 /* Networking */,
				0412267F291BDC07007993A5 /* Projects */,
				04122681291BDC4E007993A5 /* Menu */,
				04122687291BDCF8007993A5 /* InputForms */,
				04122684291BDC99007993A5 /* LaunchScreen */,
				04122680291BDC31007993A5 /* Application */,
				04AF2E05291B7AC900083115 /* Extensions */,
				04AF2E02291B766700083115 /* SupportingFiles */,
			);
			path = taskManager;
			sourceTree = "<group>";
		};
		04AF2E02291B766700083115 /* SupportingFiles */ = {
			isa = PBXGroup;
			children = (
				04AF2DF7291B74D200083115 /* Assets.xcassets */,
				04AF2DFC291B74D200083115 /* Info.plist */,
			);
			path = SupportingFiles;
			sourceTree = "<group>";
		};
		04AF2E05291B7AC900083115 /* Extensions */ = {
			isa = PBXGroup;
			children = (
				04AF2E06291B7ADF00083115 /* UIStackView.swift */,
				04122698291BDF16007993A5 /* UITableView.swift */,
			);
			path = Extensions;
			sourceTree = "<group>";
		};
/* End PBXGroup section */

/* Begin PBXNativeTarget section */
		04AF2DEA291B74D100083115 /* taskManager */ = {
			isa = PBXNativeTarget;
			buildConfigurationList = 04AF2DFF291B74D200083115 /* Build configuration list for PBXNativeTarget "taskManager" */;
			buildPhases = (
				04AF2DE7291B74D100083115 /* Sources */,
				04AF2DE8291B74D100083115 /* Frameworks */,
				04AF2DE9291B74D100083115 /* Resources */,
			);
			buildRules = (
			);
			dependencies = (
			);
			name = taskManager;
			productName = taskManager;
			productReference = 04AF2DEB291B74D100083115 /* taskManager.app */;
			productType = "com.apple.product-type.application";
		};
/* End PBXNativeTarget section */

/* Begin PBXProject section */
		04AF2DE3291B74D100083115 /* Project object */ = {
			isa = PBXProject;
			attributes = {
				BuildIndependentTargetsInParallel = 1;
				LastSwiftUpdateCheck = 1340;
				LastUpgradeCheck = 1340;
				TargetAttributes = {
					04AF2DEA291B74D100083115 = {
						CreatedOnToolsVersion = 13.4.1;
					};
				};
			};
			buildConfigurationList = 04AF2DE6291B74D100083115 /* Build configuration list for PBXProject "taskManager" */;
			compatibilityVersion = "Xcode 13.0";
			developmentRegion = en;
			hasScannedForEncodings = 0;
			knownRegions = (
				en,
				Base,
			);
			mainGroup = 04AF2DE2291B74D100083115;
			productRefGroup = 04AF2DEC291B74D100083115 /* Products */;
			projectDirPath = "";
			projectRoot = "";
			targets = (
				04AF2DEA291B74D100083115 /* taskManager */,
			);
		};
/* End PBXProject section */

/* Begin PBXResourcesBuildPhase section */
		04AF2DE9291B74D100083115 /* Resources */ = {
			isa = PBXResourcesBuildPhase;
			buildActionMask = 2147483647;
			files = (
				04AF2DFB291B74D200083115 /* LaunchScreen.storyboard in Resources */,
				04AF2DF8291B74D200083115 /* Assets.xcassets in Resources */,
			);
			runOnlyForDeploymentPostprocessing = 0;
		};
/* End PBXResourcesBuildPhase section */

/* Begin PBXSourcesBuildPhase section */
		04AF2DE7291B74D100083115 /* Sources */ = {
			isa = PBXSourcesBuildPhase;
			buildActionMask = 2147483647;
			files = (
				04AF2DF3291B74D100083115 /* SplashScreen.swift in Sources */,
				04AF2DEF291B74D100083115 /* AppDelegate.swift in Sources */,
				04122692291BDDB1007993A5 /* ProjectCellModel.swift in Sources */,
				04AF2E07291B7ADF00083115 /* UIStackView.swift in Sources */,
				04122695291BDE4D007993A5 /* NetworkManager.swift in Sources */,
				04AF2DF1291B74D100083115 /* SceneDelegate.swift in Sources */,
				04122690291BDDA2007993A5 /* ProjectListViewModel.swift in Sources */,
				04AF2E04291B7A6300083115 /* MenuViewController.swift in Sources */,
				04122689291BDD17007993A5 /* ProjectEntryVC.swift in Sources */,
				0412268B291BDD58007993A5 /* ProjectsListVC.swift in Sources */,
				04122699291BDF16007993A5 /* UITableView.swift in Sources */,
				0412268E291BDD85007993A5 /* ProjectTableViewCell.swift in Sources */,
				04122697291BDE69007993A5 /* ProjectListUploader.swift in Sources */,
				0412269C291BDF84007993A5 /* SettingsVC.swift in Sources */,
			);
			runOnlyForDeploymentPostprocessing = 0;
		};
/* End PBXSourcesBuildPhase section */

/* Begin PBXVariantGroup section */
		04AF2DF9291B74D200083115 /* LaunchScreen.storyboard */ = {
			isa = PBXVariantGroup;
			children = (
				04AF2DFA291B74D200083115 /* Base */,
			);
			name = LaunchScreen.storyboard;
			sourceTree = "<group>";
		};
/* End PBXVariantGroup section */

/* Begin XCBuildConfiguration section */
		04AF2DFD291B74D200083115 /* Debug */ = {
			isa = XCBuildConfiguration;
			buildSettings = {
				ALWAYS_SEARCH_USER_PATHS = NO;
				CLANG_ANALYZER_NONNULL = YES;
				CLANG_ANALYZER_NUMBER_OBJECT_CONVERSION = YES_AGGRESSIVE;
				CLANG_CXX_LANGUAGE_STANDARD = "gnu++17";
				CLANG_ENABLE_MODULES = YES;
				CLANG_ENABLE_OBJC_ARC = YES;
				CLANG_ENABLE_OBJC_WEAK = YES;
				CLANG_WARN_BLOCK_CAPTURE_AUTORELEASING = YES;
				CLANG_WARN_BOOL_CONVERSION = YES;
				CLANG_WARN_COMMA = YES;
				CLANG_WARN_CONSTANT_CONVERSION = YES;
				CLANG_WARN_DEPRECATED_OBJC_IMPLEMENTATIONS = YES;
				CLANG_WARN_DIRECT_OBJC_ISA_USAGE = YES_ERROR;
				CLANG_WARN_DOCUMENTATION_COMMENTS = YES;
				CLANG_WARN_EMPTY_BODY = YES;
				CLANG_WARN_ENUM_CONVERSION = YES;
				CLANG_WARN_INFINITE_RECURSION = YES;
				CLANG_WARN_INT_CONVERSION = YES;
				CLANG_WARN_NON_LITERAL_NULL_CONVERSION = YES;
				CLANG_WARN_OBJC_IMPLICIT_RETAIN_SELF = YES;
				CLANG_WARN_OBJC_LITERAL_CONVERSION = YES;
				CLANG_WARN_OBJC_ROOT_CLASS = YES_ERROR;
				CLANG_WARN_QUOTED_INCLUDE_IN_FRAMEWORK_HEADER = YES;
				CLANG_WARN_RANGE_LOOP_ANALYSIS = YES;
				CLANG_WARN_STRICT_PROTOTYPES = YES;
				CLANG_WARN_SUSPICIOUS_MOVE = YES;
				CLANG_WARN_UNGUARDED_AVAILABILITY = YES_AGGRESSIVE;
				CLANG_WARN_UNREACHABLE_CODE = YES;
				CLANG_WARN__DUPLICATE_METHOD_MATCH = YES;
				COPY_PHASE_STRIP = NO;
				DEBUG_INFORMATION_FORMAT = dwarf;
				ENABLE_STRICT_OBJC_MSGSEND = YES;
				ENABLE_TESTABILITY = YES;
				GCC_C_LANGUAGE_STANDARD = gnu11;
				GCC_DYNAMIC_NO_PIC = NO;
				GCC_NO_COMMON_BLOCKS = YES;
				GCC_OPTIMIZATION_LEVEL = 0;
				GCC_PREPROCESSOR_DEFINITIONS = (
					"DEBUG=1",
					"$(inherited)",
				);
				GCC_WARN_64_TO_32_BIT_CONVERSION = YES;
				GCC_WARN_ABOUT_RETURN_TYPE = YES_ERROR;
				GCC_WARN_UNDECLARED_SELECTOR = YES;
				GCC_WARN_UNINITIALIZED_AUTOS = YES_AGGRESSIVE;
				GCC_WARN_UNUSED_FUNCTION = YES;
				GCC_WARN_UNUSED_VARIABLE = YES;
				IPHONEOS_DEPLOYMENT_TARGET = 15.5;
				MTL_ENABLE_DEBUG_INFO = INCLUDE_SOURCE;
				MTL_FAST_MATH = YES;
				ONLY_ACTIVE_ARCH = YES;
				SDKROOT = iphoneos;
				SWIFT_ACTIVE_COMPILATION_CONDITIONS = DEBUG;
				SWIFT_OPTIMIZATION_LEVEL = "-Onone";
			};
			name = Debug;
		};
		04AF2DFE291B74D200083115 /* Release */ = {
			isa = XCBuildConfiguration;
			buildSettings = {
				ALWAYS_SEARCH_USER_PATHS = NO;
				CLANG_ANALYZER_NONNULL = YES;
				CLANG_ANALYZER_NUMBER_OBJECT_CONVERSION = YES_AGGRESSIVE;
				CLANG_CXX_LANGUAGE_STANDARD = "gnu++17";
				CLANG_ENABLE_MODULES = YES;
				CLANG_ENABLE_OBJC_ARC = YES;
				CLANG_ENABLE_OBJC_WEAK = YES;
				CLANG_WARN_BLOCK_CAPTURE_AUTORELEASING = YES;
				CLANG_WARN_BOOL_CONVERSION = YES;
				CLANG_WARN_COMMA = YES;
				CLANG_WARN_CONSTANT_CONVERSION = YES;
				CLANG_WARN_DEPRECATED_OBJC_IMPLEMENTATIONS = YES;
				CLANG_WARN_DIRECT_OBJC_ISA_USAGE = YES_ERROR;
				CLANG_WARN_DOCUMENTATION_COMMENTS = YES;
				CLANG_WARN_EMPTY_BODY = YES;
				CLANG_WARN_ENUM_CONVERSION = YES;
				CLANG_WARN_INFINITE_RECURSION = YES;
				CLANG_WARN_INT_CONVERSION = YES;
				CLANG_WARN_NON_LITERAL_NULL_CONVERSION = YES;
				CLANG_WARN_OBJC_IMPLICIT_RETAIN_SELF = YES;
				CLANG_WARN_OBJC_LITERAL_CONVERSION = YES;
				CLANG_WARN_OBJC_ROOT_CLASS = YES_ERROR;
				CLANG_WARN_QUOTED_INCLUDE_IN_FRAMEWORK_HEADER = YES;
				CLANG_WARN_RANGE_LOOP_ANALYSIS = YES;
				CLANG_WARN_STRICT_PROTOTYPES = YES;
				CLANG_WARN_SUSPICIOUS_MOVE = YES;
				CLANG_WARN_UNGUARDED_AVAILABILITY = YES_AGGRESSIVE;
				CLANG_WARN_UNREACHABLE_CODE = YES;
				CLANG_WARN__DUPLICATE_METHOD_MATCH = YES;
				COPY_PHASE_STRIP = NO;
				DEBUG_INFORMATION_FORMAT = "dwarf-with-dsym";
				ENABLE_NS_ASSERTIONS = NO;
				ENABLE_STRICT_OBJC_MSGSEND = YES;
				GCC_C_LANGUAGE_STANDARD = gnu11;
				GCC_NO_COMMON_BLOCKS = YES;
				GCC_WARN_64_TO_32_BIT_CONVERSION = YES;
				GCC_WARN_ABOUT_RETURN_TYPE = YES_ERROR;
				GCC_WARN_UNDECLARED_SELECTOR = YES;
				GCC_WARN_UNINITIALIZED_AUTOS = YES_AGGRESSIVE;
				GCC_WARN_UNUSED_FUNCTION = YES;
				GCC_WARN_UNUSED_VARIABLE = YES;
				IPHONEOS_DEPLOYMENT_TARGET = 15.5;
				MTL_ENABLE_DEBUG_INFO = NO;
				MTL_FAST_MATH = YES;
				SDKROOT = iphoneos;
				SWIFT_COMPILATION_MODE = wholemodule;
				SWIFT_OPTIMIZATION_LEVEL = "-O";
				VALIDATE_PRODUCT = YES;
			};
			name = Release;
		};
		04AF2E00291B74D200083115 /* Debug */ = {
			isa = XCBuildConfiguration;
			buildSettings = {
				ASSETCATALOG_COMPILER_APPICON_NAME = AppIcon;
				ASSETCATALOG_COMPILER_GLOBAL_ACCENT_COLOR_NAME = AccentColor;
				CODE_SIGN_STYLE = Automatic;
				CURRENT_PROJECT_VERSION = 1;
				DEVELOPMENT_TEAM = UQMAG39CA7;
				GENERATE_INFOPLIST_FILE = YES;
				INFOPLIST_FILE = taskManager/SupportingFiles/Info.plist;
				INFOPLIST_KEY_UIApplicationSupportsIndirectInputEvents = YES;
				INFOPLIST_KEY_UILaunchStoryboardName = LaunchScreen;
				INFOPLIST_KEY_UISupportedInterfaceOrientations_iPad = "UIInterfaceOrientationPortrait UIInterfaceOrientationPortraitUpsideDown UIInterfaceOrientationLandscapeLeft UIInterfaceOrientationLandscapeRight";
				INFOPLIST_KEY_UISupportedInterfaceOrientations_iPhone = "UIInterfaceOrientationPortrait UIInterfaceOrientationLandscapeLeft UIInterfaceOrientationLandscapeRight";
				LD_RUNPATH_SEARCH_PATHS = (
					"$(inherited)",
					"@executable_path/Frameworks",
				);
				MARKETING_VERSION = 1.0;
				PRODUCT_BUNDLE_IDENTIFIER = diananuansengsy.taskManager;
				PRODUCT_NAME = "$(TARGET_NAME)";
				SWIFT_EMIT_LOC_STRINGS = YES;
				SWIFT_VERSION = 5.0;
				TARGETED_DEVICE_FAMILY = "1,2";
			};
			name = Debug;
		};
		04AF2E01291B74D200083115 /* Release */ = {
			isa = XCBuildConfiguration;
			buildSettings = {
				ASSETCATALOG_COMPILER_APPICON_NAME = AppIcon;
				ASSETCATALOG_COMPILER_GLOBAL_ACCENT_COLOR_NAME = AccentColor;
				CODE_SIGN_STYLE = Automatic;
				CURRENT_PROJECT_VERSION = 1;
				DEVELOPMENT_TEAM = UQMAG39CA7;
				GENERATE_INFOPLIST_FILE = YES;
				INFOPLIST_FILE = taskManager/SupportingFiles/Info.plist;
				INFOPLIST_KEY_UIApplicationSupportsIndirectInputEvents = YES;
				INFOPLIST_KEY_UILaunchStoryboardName = LaunchScreen;
				INFOPLIST_KEY_UISupportedInterfaceOrientations_iPad = "UIInterfaceOrientationPortrait UIInterfaceOrientationPortraitUpsideDown UIInterfaceOrientationLandscapeLeft UIInterfaceOrientationLandscapeRight";
				INFOPLIST_KEY_UISupportedInterfaceOrientations_iPhone = "UIInterfaceOrientationPortrait UIInterfaceOrientationLandscapeLeft UIInterfaceOrientationLandscapeRight";
				LD_RUNPATH_SEARCH_PATHS = (
					"$(inherited)",
					"@executable_path/Frameworks",
				);
				MARKETING_VERSION = 1.0;
				PRODUCT_BUNDLE_IDENTIFIER = diananuansengsy.taskManager;
				PRODUCT_NAME = "$(TARGET_NAME)";
				SWIFT_EMIT_LOC_STRINGS = YES;
				SWIFT_VERSION = 5.0;
				TARGETED_DEVICE_FAMILY = "1,2";
			};
			name = Release;
		};
/* End XCBuildConfiguration section */

/* Begin XCConfigurationList section */
		04AF2DE6291B74D100083115 /* Build configuration list for PBXProject "taskManager" */ = {
			isa = XCConfigurationList;
			buildConfigurations = (
				04AF2DFD291B74D200083115 /* Debug */,
				04AF2DFE291B74D200083115 /* Release */,
			);
			defaultConfigurationIsVisible = 0;
			defaultConfigurationName = Release;
		};
		04AF2DFF291B74D200083115 /* Build configuration list for PBXNativeTarget "taskManager" */ = {
			isa = XCConfigurationList;
			buildConfigurations = (
				04AF2E00291B74D200083115 /* Debug */,
				04AF2E01291B74D200083115 /* Release */,
			);
			defaultConfigurationIsVisible = 0;
			defaultConfigurationName = Release;
		};
/* End XCConfigurationList section */
	};
	rootObject = 04AF2DE3291B74D100083115 /* Project object */;
}
